
Microsoft Visual Studio Solution File, Format Version 12.00
# Visual Studio Version 16
VisualStudioVersion = 16.0.30413.136
MinimumVisualStudioVersion = 10.0.40219.1
Project("{FAE04EC0-301F-11D3-BF4B-00C04F79EFBC}") = "Social_Security_Number", "Social_Security_Number.csproj", "{286A7695-5091-44E5-899F-81BEF10EF3F8}"
EndProject
Global
	GlobalSection(SolutionConfigurationPlatforms) = preSolution
		Debug|Any CPU = Debug|Any CPU
		Release|Any CPU = Release|Any CPU
	EndGlobalSection
	GlobalSection(ProjectConfigurationPlatforms) = postSolution
		{286A7695-5091-44E5-899F-81BEF10EF3F8}.Debug|Any CPU.ActiveCfg = Debug|Any CPU
		{286A7695-5091-44E5-899F-81BEF10EF3F8}.Debug|Any CPU.Build.0 = Debug|Any CPU
		{286A7695-5091-44E5-899F-81BEF10EF3F8}.Release|Any CPU.ActiveCfg = Release|Any CPU
		{286A7695-5091-44E5-899F-81BEF10EF3F8}.Release|Any CPU.Build.0 = Release|Any CPU
	EndGlobalSection
	GlobalSection(SolutionProperties) = preSolution
		HideSolutionNode = FALSE
	EndGlobalSection
	GlobalSection(ExtensibilityGlobals) = postSolution
		SolutionGuid = {67D31610-664E-423F-B068-F143F5B7D6B9}
	EndGlobalSection
EndGlobal
